
Microsoft Visual Studio Solution File, Format Version 12.00
# Visual Studio 15
VisualStudioVersion = 15.0.26730.12
MinimumVisualStudioVersion = 10.0.40219.1
Project("{FAE04EC0-301F-11D3-BF4B-00C04F79EFBC}") = "JAAAM-WebClient", "JAAAM-WebClient\JAAAM-WebClient.csproj", "{A41B8723-6F06-493B-98A5-7051B1C92664}"
EndProject
Global
	GlobalSection(SolutionConfigurationPlatforms) = preSolution
		Debug|Any CPU = Debug|Any CPU
		Release|Any CPU = Release|Any CPU
	EndGlobalSection
	GlobalSection(ProjectConfigurationPlatforms) = postSolution
		{A41B8723-6F06-493B-98A5-7051B1C92664}.Debug|Any CPU.ActiveCfg = Debug|Any CPU
		{A41B8723-6F06-493B-98A5-7051B1C92664}.Debug|Any CPU.Build.0 = Debug|Any CPU
		{A41B8723-6F06-493B-98A5-7051B1C92664}.Release|Any CPU.ActiveCfg = Release|Any CPU
		{A41B8723-6F06-493B-98A5-7051B1C92664}.Release|Any CPU.Build.0 = Release|Any CPU
	EndGlobalSection
	GlobalSection(SolutionProperties) = preSolution
		HideSolutionNode = FALSE
	EndGlobalSection
	GlobalSection(ExtensibilityGlobals) = postSolution
		SolutionGuid = {F1B13BB7-9DF6-4F62-83D7-9D01D6100E05}
	EndGlobalSection
EndGlobal
