
Microsoft Visual Studio Solution File, Format Version 12.00
# Visual Studio 15
VisualStudioVersion = 15.0.28010.2050
MinimumVisualStudioVersion = 10.0.40219.1
Project("{FAE04EC0-301F-11D3-BF4B-00C04F79EFBC}") = "JAAAM-Blockchain", "Program\JAAAM-Blockchain.csproj", "{64F21B8D-933E-4946-A5FC-9E7405B334B4}"
EndProject
Project("{9A19103F-16F7-4668-BE54-9A1E7A4F7556}") = "BusinessLogic", "DataLogic\BusinessLogic.csproj", "{4C2B258D-787D-4330-AB9C-1FF37A5B9503}"
EndProject
Global
	GlobalSection(SolutionConfigurationPlatforms) = preSolution
		Debug|Any CPU = Debug|Any CPU
		Release|Any CPU = Release|Any CPU
	EndGlobalSection
	GlobalSection(ProjectConfigurationPlatforms) = postSolution
		{64F21B8D-933E-4946-A5FC-9E7405B334B4}.Debug|Any CPU.ActiveCfg = Debug|Any CPU
		{64F21B8D-933E-4946-A5FC-9E7405B334B4}.Debug|Any CPU.Build.0 = Debug|Any CPU
		{64F21B8D-933E-4946-A5FC-9E7405B334B4}.Release|Any CPU.ActiveCfg = Release|Any CPU
		{64F21B8D-933E-4946-A5FC-9E7405B334B4}.Release|Any CPU.Build.0 = Release|Any CPU
		{4C2B258D-787D-4330-AB9C-1FF37A5B9503}.Debug|Any CPU.ActiveCfg = Debug|Any CPU
		{4C2B258D-787D-4330-AB9C-1FF37A5B9503}.Debug|Any CPU.Build.0 = Debug|Any CPU
		{4C2B258D-787D-4330-AB9C-1FF37A5B9503}.Release|Any CPU.ActiveCfg = Release|Any CPU
		{4C2B258D-787D-4330-AB9C-1FF37A5B9503}.Release|Any CPU.Build.0 = Release|Any CPU
	EndGlobalSection
	GlobalSection(SolutionProperties) = preSolution
		HideSolutionNode = FALSE
	EndGlobalSection
	GlobalSection(ExtensibilityGlobals) = postSolution
		SolutionGuid = {F4A78F5F-0E57-4EC0-B29A-B690032F4729}
	EndGlobalSection
EndGlobal
